
Microsoft Visual Studio Solution File, Format Version 12.00
# Visual Studio Version 16
VisualStudioVersion = 16.0.30114.105
MinimumVisualStudioVersion = 10.0.40219.1
Project("{FAE04EC0-301F-11D3-BF4B-00C04F79EFBC}") = "LearningProject with git", "LearningProject with git.csproj", "{056E85D2-967E-4534-B6ED-2A9A0664A031}"
EndProject
Global
	GlobalSection(SolutionConfigurationPlatforms) = preSolution
		Debug|Any CPU = Debug|Any CPU
		Release|Any CPU = Release|Any CPU
	EndGlobalSection
	GlobalSection(ProjectConfigurationPlatforms) = postSolution
		{056E85D2-967E-4534-B6ED-2A9A0664A031}.Debug|Any CPU.ActiveCfg = Debug|Any CPU
		{056E85D2-967E-4534-B6ED-2A9A0664A031}.Debug|Any CPU.Build.0 = Debug|Any CPU
		{056E85D2-967E-4534-B6ED-2A9A0664A031}.Release|Any CPU.ActiveCfg = Release|Any CPU
		{056E85D2-967E-4534-B6ED-2A9A0664A031}.Release|Any CPU.Build.0 = Release|Any CPU
	EndGlobalSection
	GlobalSection(SolutionProperties) = preSolution
		HideSolutionNode = FALSE
	EndGlobalSection
	GlobalSection(ExtensibilityGlobals) = postSolution
		SolutionGuid = {F12AC909-A6F4-4818-B528-AD816CAC6EE4}
	EndGlobalSection
EndGlobal
